
Microsoft Visual Studio Solution File, Format Version 12.00
# Visual Studio Version 16
VisualStudioVersion = 16.0.34301.259
MinimumVisualStudioVersion = 10.0.40219.1
Project("{FAE04EC0-301F-11D3-BF4B-00C04F79EFBC}") = "OKZoomer", "OKZoomer\OKZoomer.csproj", "{715621AD-4D7B-454E-8872-F6DECC70B3B3}"
EndProject
Global
	GlobalSection(SolutionConfigurationPlatforms) = preSolution
		Debug|Any CPU = Debug|Any CPU
		Release|Any CPU = Release|Any CPU
	EndGlobalSection
	GlobalSection(ProjectConfigurationPlatforms) = postSolution
		{715621AD-4D7B-454E-8872-F6DECC70B3B3}.Debug|Any CPU.ActiveCfg = Debug|Any CPU
		{715621AD-4D7B-454E-8872-F6DECC70B3B3}.Debug|Any CPU.Build.0 = Debug|Any CPU
		{715621AD-4D7B-454E-8872-F6DECC70B3B3}.Release|Any CPU.ActiveCfg = Release|Any CPU
		{715621AD-4D7B-454E-8872-F6DECC70B3B3}.Release|Any CPU.Build.0 = Release|Any CPU
	EndGlobalSection
	GlobalSection(SolutionProperties) = preSolution
		HideSolutionNode = FALSE
	EndGlobalSection
	GlobalSection(ExtensibilityGlobals) = postSolution
		SolutionGuid = {87DF3934-900B-4DDF-B845-6A520A445723}
	EndGlobalSection
EndGlobal
